
Microsoft Visual Studio Solution File, Format Version 12.00
# Visual Studio 14
VisualStudioVersion = 14.0.24720.0
MinimumVisualStudioVersion = 10.0.40219.1
Project("{FAE04EC0-301F-11D3-BF4B-00C04F79EFBC}") = "Z", "Z\Z.csproj", "{8C746CC7-A787-45B6-9E37-A331324EE71C}"
EndProject
Project("{2150E333-8FDC-42A3-9474-1A3956D46DE8}") = "Modules", "Modules", "{D094C8BF-E19E-4C12-ABE2-578AED985B14}"
EndProject
Project("{FAE04EC0-301F-11D3-BF4B-00C04F79EFBC}") = "WebSearchModule", "WebSearchModule\WebSearchModule.csproj", "{DBE3D82F-E4A1-42FC-9842-825783201066}"
EndProject
Project("{FAE04EC0-301F-11D3-BF4B-00C04F79EFBC}") = "Z.Api", "Z.Api\Z.Api.csproj", "{6DBAD4BC-BD44-4234-9256-BD5E4E79B4F5}"
EndProject
Project("{FAE04EC0-301F-11D3-BF4B-00C04F79EFBC}") = "Z.BusinessLogic", "Z.BusinessLogic\Z.BusinessLogic.csproj", "{F3CB7DBC-68BA-409F-AE9B-16929C165CB0}"
EndProject
Project("{FAE04EC0-301F-11D3-BF4B-00C04F79EFBC}") = "Z.Models", "Z.Models\Z.Models.csproj", "{B6914E5D-5681-4693-B589-76E6DE1AD836}"
EndProject
Project("{FAE04EC0-301F-11D3-BF4B-00C04F79EFBC}") = "Z.Dependencies", "Z.Dependencies\Z.Dependencies.csproj", "{4D075FFA-1213-4DAD-8F14-50F6EDF2F5BF}"
EndProject
Project("{FAE04EC0-301F-11D3-BF4B-00C04F79EFBC}") = "PgsModule", "PgsModule\PgsModule.csproj", "{A0D6CE07-3599-410D-9C48-969A951E9481}"
EndProject
Project("{FAE04EC0-301F-11D3-BF4B-00C04F79EFBC}") = "Filesystem", "Filesystem\Filesystem.csproj", "{0B9B02A4-B10A-45B5-8C5B-8511A08681AD}"
EndProject
Project("{FAE04EC0-301F-11D3-BF4B-00C04F79EFBC}") = "Z.Common", "Z.Common\Z.Common.csproj", "{8953141F-27CD-43C6-B4F1-C3E25ABD498C}"
EndProject
Project("{FAE04EC0-301F-11D3-BF4B-00C04F79EFBC}") = "ControlPanelModule", "ControlPanelModule\ControlPanelModule.csproj", "{0BCFBCEE-1BDC-4296-9B56-D815D4C3DE97}"
EndProject
Project("{FAE04EC0-301F-11D3-BF4B-00C04F79EFBC}") = "StartMenuModule", "StartMenuModule\StartMenuModule.csproj", "{7E96F23D-799C-4793-81B1-23CC98AD67CF}"
EndProject
Project("{FAE04EC0-301F-11D3-BF4B-00C04F79EFBC}") = "ProCalcModule", "ProCalcModule\ProCalcModule.csproj", "{3A5EB93E-3D16-4307-B368-B01EC8641CDD}"
EndProject
Project("{FAE04EC0-301F-11D3-BF4B-00C04F79EFBC}") = "PowerModule", "PowerModule\PowerModule.csproj", "{78162A98-98F9-4354-8B67-06E74A72422F}"
EndProject
Project("{2150E333-8FDC-42A3-9474-1A3956D46DE8}") = "Common", "Common", "{FFFFFACE-D279-4670-8FF6-CFAB27D7F5CA}"
EndProject
Project("{FAE04EC0-301F-11D3-BF4B-00C04F79EFBC}") = "ShortcutModule", "ShortcutModule\ShortcutModule.csproj", "{AE3B556A-9882-438B-AD6C-DA7403B503E4}"
EndProject
Project("{FAE04EC0-301F-11D3-BF4B-00C04F79EFBC}") = "DesktopModule", "DesktopModule\DesktopModule.csproj", "{7E5DA9A0-BD29-4D32-AA91-A9A2FCB8CA77}"
EndProject
Global
	GlobalSection(SolutionConfigurationPlatforms) = preSolution
		Debug|Any CPU = Debug|Any CPU
		Release|Any CPU = Release|Any CPU
	EndGlobalSection
	GlobalSection(ProjectConfigurationPlatforms) = postSolution
		{8C746CC7-A787-45B6-9E37-A331324EE71C}.Debug|Any CPU.ActiveCfg = Debug|Any CPU
		{8C746CC7-A787-45B6-9E37-A331324EE71C}.Debug|Any CPU.Build.0 = Debug|Any CPU
		{8C746CC7-A787-45B6-9E37-A331324EE71C}.Release|Any CPU.ActiveCfg = Release|Any CPU
		{8C746CC7-A787-45B6-9E37-A331324EE71C}.Release|Any CPU.Build.0 = Release|Any CPU
		{DBE3D82F-E4A1-42FC-9842-825783201066}.Debug|Any CPU.ActiveCfg = Debug|Any CPU
		{DBE3D82F-E4A1-42FC-9842-825783201066}.Debug|Any CPU.Build.0 = Debug|Any CPU
		{DBE3D82F-E4A1-42FC-9842-825783201066}.Release|Any CPU.ActiveCfg = Release|Any CPU
		{DBE3D82F-E4A1-42FC-9842-825783201066}.Release|Any CPU.Build.0 = Release|Any CPU
		{6DBAD4BC-BD44-4234-9256-BD5E4E79B4F5}.Debug|Any CPU.ActiveCfg = Debug|Any CPU
		{6DBAD4BC-BD44-4234-9256-BD5E4E79B4F5}.Debug|Any CPU.Build.0 = Debug|Any CPU
		{6DBAD4BC-BD44-4234-9256-BD5E4E79B4F5}.Release|Any CPU.ActiveCfg = Release|Any CPU
		{6DBAD4BC-BD44-4234-9256-BD5E4E79B4F5}.Release|Any CPU.Build.0 = Release|Any CPU
		{F3CB7DBC-68BA-409F-AE9B-16929C165CB0}.Debug|Any CPU.ActiveCfg = Debug|Any CPU
		{F3CB7DBC-68BA-409F-AE9B-16929C165CB0}.Debug|Any CPU.Build.0 = Debug|Any CPU
		{F3CB7DBC-68BA-409F-AE9B-16929C165CB0}.Release|Any CPU.ActiveCfg = Release|Any CPU
		{F3CB7DBC-68BA-409F-AE9B-16929C165CB0}.Release|Any CPU.Build.0 = Release|Any CPU
		{B6914E5D-5681-4693-B589-76E6DE1AD836}.Debug|Any CPU.ActiveCfg = Debug|Any CPU
		{B6914E5D-5681-4693-B589-76E6DE1AD836}.Debug|Any CPU.Build.0 = Debug|Any CPU
		{B6914E5D-5681-4693-B589-76E6DE1AD836}.Release|Any CPU.ActiveCfg = Release|Any CPU
		{B6914E5D-5681-4693-B589-76E6DE1AD836}.Release|Any CPU.Build.0 = Release|Any CPU
		{4D075FFA-1213-4DAD-8F14-50F6EDF2F5BF}.Debug|Any CPU.ActiveCfg = Debug|Any CPU
		{4D075FFA-1213-4DAD-8F14-50F6EDF2F5BF}.Debug|Any CPU.Build.0 = Debug|Any CPU
		{4D075FFA-1213-4DAD-8F14-50F6EDF2F5BF}.Release|Any CPU.ActiveCfg = Release|Any CPU
		{4D075FFA-1213-4DAD-8F14-50F6EDF2F5BF}.Release|Any CPU.Build.0 = Release|Any CPU
		{A0D6CE07-3599-410D-9C48-969A951E9481}.Debug|Any CPU.ActiveCfg = Debug|Any CPU
		{A0D6CE07-3599-410D-9C48-969A951E9481}.Debug|Any CPU.Build.0 = Debug|Any CPU
		{A0D6CE07-3599-410D-9C48-969A951E9481}.Release|Any CPU.ActiveCfg = Release|Any CPU
		{A0D6CE07-3599-410D-9C48-969A951E9481}.Release|Any CPU.Build.0 = Release|Any CPU
		{0B9B02A4-B10A-45B5-8C5B-8511A08681AD}.Debug|Any CPU.ActiveCfg = Debug|Any CPU
		{0B9B02A4-B10A-45B5-8C5B-8511A08681AD}.Debug|Any CPU.Build.0 = Debug|Any CPU
		{0B9B02A4-B10A-45B5-8C5B-8511A08681AD}.Release|Any CPU.ActiveCfg = Release|Any CPU
		{0B9B02A4-B10A-45B5-8C5B-8511A08681AD}.Release|Any CPU.Build.0 = Release|Any CPU
		{8953141F-27CD-43C6-B4F1-C3E25ABD498C}.Debug|Any CPU.ActiveCfg = Debug|Any CPU
		{8953141F-27CD-43C6-B4F1-C3E25ABD498C}.Debug|Any CPU.Build.0 = Debug|Any CPU
		{8953141F-27CD-43C6-B4F1-C3E25ABD498C}.Release|Any CPU.ActiveCfg = Release|Any CPU
		{8953141F-27CD-43C6-B4F1-C3E25ABD498C}.Release|Any CPU.Build.0 = Release|Any CPU
		{0BCFBCEE-1BDC-4296-9B56-D815D4C3DE97}.Debug|Any CPU.ActiveCfg = Debug|Any CPU
		{0BCFBCEE-1BDC-4296-9B56-D815D4C3DE97}.Debug|Any CPU.Build.0 = Debug|Any CPU
		{0BCFBCEE-1BDC-4296-9B56-D815D4C3DE97}.Release|Any CPU.ActiveCfg = Release|Any CPU
		{0BCFBCEE-1BDC-4296-9B56-D815D4C3DE97}.Release|Any CPU.Build.0 = Release|Any CPU
		{7E96F23D-799C-4793-81B1-23CC98AD67CF}.Debug|Any CPU.ActiveCfg = Debug|Any CPU
		{7E96F23D-799C-4793-81B1-23CC98AD67CF}.Debug|Any CPU.Build.0 = Debug|Any CPU
		{7E96F23D-799C-4793-81B1-23CC98AD67CF}.Release|Any CPU.ActiveCfg = Release|Any CPU
		{7E96F23D-799C-4793-81B1-23CC98AD67CF}.Release|Any CPU.Build.0 = Release|Any CPU
		{3A5EB93E-3D16-4307-B368-B01EC8641CDD}.Debug|Any CPU.ActiveCfg = Debug|Any CPU
		{3A5EB93E-3D16-4307-B368-B01EC8641CDD}.Debug|Any CPU.Build.0 = Debug|Any CPU
		{3A5EB93E-3D16-4307-B368-B01EC8641CDD}.Release|Any CPU.ActiveCfg = Release|Any CPU
		{3A5EB93E-3D16-4307-B368-B01EC8641CDD}.Release|Any CPU.Build.0 = Release|Any CPU
		{78162A98-98F9-4354-8B67-06E74A72422F}.Debug|Any CPU.ActiveCfg = Debug|Any CPU
		{78162A98-98F9-4354-8B67-06E74A72422F}.Debug|Any CPU.Build.0 = Debug|Any CPU
		{78162A98-98F9-4354-8B67-06E74A72422F}.Release|Any CPU.ActiveCfg = Release|Any CPU
		{78162A98-98F9-4354-8B67-06E74A72422F}.Release|Any CPU.Build.0 = Release|Any CPU
		{AE3B556A-9882-438B-AD6C-DA7403B503E4}.Debug|Any CPU.ActiveCfg = Debug|Any CPU
		{AE3B556A-9882-438B-AD6C-DA7403B503E4}.Debug|Any CPU.Build.0 = Debug|Any CPU
		{AE3B556A-9882-438B-AD6C-DA7403B503E4}.Release|Any CPU.ActiveCfg = Release|Any CPU
		{AE3B556A-9882-438B-AD6C-DA7403B503E4}.Release|Any CPU.Build.0 = Release|Any CPU
		{7E5DA9A0-BD29-4D32-AA91-A9A2FCB8CA77}.Debug|Any CPU.ActiveCfg = Debug|Any CPU
		{7E5DA9A0-BD29-4D32-AA91-A9A2FCB8CA77}.Debug|Any CPU.Build.0 = Debug|Any CPU
		{7E5DA9A0-BD29-4D32-AA91-A9A2FCB8CA77}.Release|Any CPU.ActiveCfg = Release|Any CPU
		{7E5DA9A0-BD29-4D32-AA91-A9A2FCB8CA77}.Release|Any CPU.Build.0 = Release|Any CPU
	EndGlobalSection
	GlobalSection(SolutionProperties) = preSolution
		HideSolutionNode = FALSE
	EndGlobalSection
	GlobalSection(NestedProjects) = preSolution
		{DBE3D82F-E4A1-42FC-9842-825783201066} = {D094C8BF-E19E-4C12-ABE2-578AED985B14}
		{A0D6CE07-3599-410D-9C48-969A951E9481} = {D094C8BF-E19E-4C12-ABE2-578AED985B14}
		{0B9B02A4-B10A-45B5-8C5B-8511A08681AD} = {D094C8BF-E19E-4C12-ABE2-578AED985B14}
		{0BCFBCEE-1BDC-4296-9B56-D815D4C3DE97} = {D094C8BF-E19E-4C12-ABE2-578AED985B14}
		{7E96F23D-799C-4793-81B1-23CC98AD67CF} = {D094C8BF-E19E-4C12-ABE2-578AED985B14}
		{3A5EB93E-3D16-4307-B368-B01EC8641CDD} = {D094C8BF-E19E-4C12-ABE2-578AED985B14}
		{78162A98-98F9-4354-8B67-06E74A72422F} = {D094C8BF-E19E-4C12-ABE2-578AED985B14}
		{FFFFFACE-D279-4670-8FF6-CFAB27D7F5CA} = {D094C8BF-E19E-4C12-ABE2-578AED985B14}
		{AE3B556A-9882-438B-AD6C-DA7403B503E4} = {FFFFFACE-D279-4670-8FF6-CFAB27D7F5CA}
		{7E5DA9A0-BD29-4D32-AA91-A9A2FCB8CA77} = {D094C8BF-E19E-4C12-ABE2-578AED985B14}
	EndGlobalSection
EndGlobal
